{
  "name": "coco-bot",
  "lockfileVersion": 3,
  "requires": true,
  "packages": {
    "": {
      "name": "coco-bot",
      "devDependencies": {
        "prettier": "^3.4.2"
      }
    },
    "coco-incident-app": {
      "version": "1.0.0",
      "extraneous": true,
      "license": "ISC",
      "workspaces": [
        "frontend",
        "backend"
      ],
      "devDependencies": {
        "@google/clasp": "^2.4.2"
      }
    },
    "expenses-app": {
      "version": "1.0.0",
      "extraneous": true,
      "license": "ISC",
      "devDependencies": {
        "@google/clasp": "^2.4.2",
        "@types/google-apps-script": "^1.0.83",
        "typescript": "^5.3.3"
      }
    },
    "node_modules/prettier": {
      "version": "3.6.2",
      "resolved": "https://registry.npmjs.org/prettier/-/prettier-3.6.2.tgz",
      "integrity": "sha512-I7AIg5boAr5R0FFtJ6rCfD+LFsWHp81dolrFD8S79U9tb8Az2nGrJncnMSnys+bpQJfRUzqs9hnA81OAA3hCuQ==",
      "dev": true,
      "license": "MIT",
      "bin": {
        "prettier": "bin/prettier.cjs"
      },
      "engines": {
        "node": ">=14"
      },
      "funding": {
        "url": "https://github.com/prettier/prettier?sponsor=1"
      }
    }
  }
}
